
Microsoft Visual Studio Solution File, Format Version 12.00
Project("{FAE04EC0-301F-11D3-BF4B-00C04F79EFBC}") = "VAR.WebFormsCore", "VAR.WebFormsCore\VAR.WebFormsCore.csproj", "{E0E00013-9FEF-4E28-A9FC-27A965737FBB}"
EndProject
Project("{FAE04EC0-301F-11D3-BF4B-00C04F79EFBC}") = "VAR.WebFormsCore.TestWebApp", "VAR.WebFormsCore.TestWebApp\VAR.WebFormsCore.TestWebApp.csproj", "{0D81464B-802D-4ECA-92C8-427F481A4583}"
EndProject
Project("{FAE04EC0-301F-11D3-BF4B-00C04F79EFBC}") = "VAR.WebFormsCore.AspNetCore", "VAR.WebFormsCore.AspNetCore\VAR.WebFormsCore.AspNetCore.csproj", "{378B98EF-9269-4B96-B894-1B0F9B24EEC2}"
EndProject
Project("{FAE04EC0-301F-11D3-BF4B-00C04F79EFBC}") = "VAR.WebFormsCore.Tests", "VAR.WebFormsCore.Tests\VAR.WebFormsCore.Tests.csproj", "{B4096D63-E9BA-4FCA-9EED-C854BF7D1332}"
EndProject
Global
	GlobalSection(SolutionConfigurationPlatforms) = preSolution
		Debug|Any CPU = Debug|Any CPU
		Release|Any CPU = Release|Any CPU
	EndGlobalSection
	GlobalSection(ProjectConfigurationPlatforms) = postSolution
		{E0E00013-9FEF-4E28-A9FC-27A965737FBB}.Debug|Any CPU.ActiveCfg = Debug|Any CPU
		{E0E00013-9FEF-4E28-A9FC-27A965737FBB}.Debug|Any CPU.Build.0 = Debug|Any CPU
		{E0E00013-9FEF-4E28-A9FC-27A965737FBB}.Release|Any CPU.ActiveCfg = Release|Any CPU
		{E0E00013-9FEF-4E28-A9FC-27A965737FBB}.Release|Any CPU.Build.0 = Release|Any CPU
		{0D81464B-802D-4ECA-92C8-427F481A4583}.Debug|Any CPU.ActiveCfg = Debug|Any CPU
		{0D81464B-802D-4ECA-92C8-427F481A4583}.Debug|Any CPU.Build.0 = Debug|Any CPU
		{0D81464B-802D-4ECA-92C8-427F481A4583}.Release|Any CPU.ActiveCfg = Release|Any CPU
		{0D81464B-802D-4ECA-92C8-427F481A4583}.Release|Any CPU.Build.0 = Release|Any CPU
		{378B98EF-9269-4B96-B894-1B0F9B24EEC2}.Debug|Any CPU.ActiveCfg = Debug|Any CPU
		{378B98EF-9269-4B96-B894-1B0F9B24EEC2}.Debug|Any CPU.Build.0 = Debug|Any CPU
		{378B98EF-9269-4B96-B894-1B0F9B24EEC2}.Release|Any CPU.ActiveCfg = Release|Any CPU
		{378B98EF-9269-4B96-B894-1B0F9B24EEC2}.Release|Any CPU.Build.0 = Release|Any CPU
		{B4096D63-E9BA-4FCA-9EED-C854BF7D1332}.Debug|Any CPU.ActiveCfg = Debug|Any CPU
		{B4096D63-E9BA-4FCA-9EED-C854BF7D1332}.Debug|Any CPU.Build.0 = Debug|Any CPU
		{B4096D63-E9BA-4FCA-9EED-C854BF7D1332}.Release|Any CPU.ActiveCfg = Release|Any CPU
		{B4096D63-E9BA-4FCA-9EED-C854BF7D1332}.Release|Any CPU.Build.0 = Release|Any CPU
	EndGlobalSection
EndGlobal
